github.com/go-test/deep v1.0.8 h1:TDsG77qcSprGbC6vTN8OuXp5g+J+b5Pcguhf7Zt61VM=
github.com/go-test/deep v1.0.8/go.mod h1:5C2ZWiW0ErCdrYzpqxLbTX7MG14M9iiw8DgHncVwcsE=
github.com/rqlite/sql v0.0.0-20240312185922-ffac88a740bd h1:wW6BtayFoKaaDeIvXRE3SZVPOscSKlYD+X3bB749+zk=
github.com/rqlite/sql v0.0.0-20240312185922-ffac88a740bd/go.mod h1:ib9zVtNgRKiGuoMyUqqL5aNpk+r+++YlyiVIkclVqPg=
